
Microsoft Visual Studio Solution File, Format Version 12.00
# Visual Studio 15
VisualStudioVersion = 15.0.28307.645
MinimumVisualStudioVersion = 10.0.40219.1
Project("{FAE04EC0-301F-11D3-BF4B-00C04F79EFBC}") = "EFTestApp", "EFTestApp\EFTestApp.csproj", "{B201B46B-2F7D-4D8F-B71F-4E5983CB1694}"
EndProject
Project("{FAE04EC0-301F-11D3-BF4B-00C04F79EFBC}") = "EFTestApp.Test", "EFTestApp.Test\EFTestApp.Test.csproj", "{8486DB7E-63EE-41D5-A9C2-F837A879D69F}"
EndProject
Global
	GlobalSection(SolutionConfigurationPlatforms) = preSolution
		Debug|Any CPU = Debug|Any CPU
		Release|Any CPU = Release|Any CPU
	EndGlobalSection
	GlobalSection(ProjectConfigurationPlatforms) = postSolution
		{B201B46B-2F7D-4D8F-B71F-4E5983CB1694}.Debug|Any CPU.ActiveCfg = Debug|Any CPU
		{B201B46B-2F7D-4D8F-B71F-4E5983CB1694}.Debug|Any CPU.Build.0 = Debug|Any CPU
		{B201B46B-2F7D-4D8F-B71F-4E5983CB1694}.Release|Any CPU.ActiveCfg = Release|Any CPU
		{B201B46B-2F7D-4D8F-B71F-4E5983CB1694}.Release|Any CPU.Build.0 = Release|Any CPU
		{8486DB7E-63EE-41D5-A9C2-F837A879D69F}.Debug|Any CPU.ActiveCfg = Debug|Any CPU
		{8486DB7E-63EE-41D5-A9C2-F837A879D69F}.Debug|Any CPU.Build.0 = Debug|Any CPU
		{8486DB7E-63EE-41D5-A9C2-F837A879D69F}.Release|Any CPU.ActiveCfg = Release|Any CPU
		{8486DB7E-63EE-41D5-A9C2-F837A879D69F}.Release|Any CPU.Build.0 = Release|Any CPU
	EndGlobalSection
	GlobalSection(SolutionProperties) = preSolution
		HideSolutionNode = FALSE
	EndGlobalSection
	GlobalSection(ExtensibilityGlobals) = postSolution
		SolutionGuid = {04577281-A355-48C5-9D33-04B99D720D46}
	EndGlobalSection
EndGlobal
